
Microsoft Visual Studio Solution File, Format Version 12.00
# Visual Studio Version 17
VisualStudioVersion = 17.13.35825.156 d17.13
MinimumVisualStudioVersion = 10.0.40219.1
Project("{FAE04EC0-301F-11D3-BF4B-00C04F79EFBC}") = "ProductosCodeFirst", "ProductosCodeFirst\ProductosCodeFirst.csproj", "{CE00BC9B-C341-41AC-8CF7-AE6D2E135EE3}"
EndProject
Global
	GlobalSection(SolutionConfigurationPlatforms) = preSolution
		Debug|Any CPU = Debug|Any CPU
		Release|Any CPU = Release|Any CPU
	EndGlobalSection
	GlobalSection(ProjectConfigurationPlatforms) = postSolution
		{CE00BC9B-C341-41AC-8CF7-AE6D2E135EE3}.Debug|Any CPU.ActiveCfg = Debug|Any CPU
		{CE00BC9B-C341-41AC-8CF7-AE6D2E135EE3}.Debug|Any CPU.Build.0 = Debug|Any CPU
		{CE00BC9B-C341-41AC-8CF7-AE6D2E135EE3}.Release|Any CPU.ActiveCfg = Release|Any CPU
		{CE00BC9B-C341-41AC-8CF7-AE6D2E135EE3}.Release|Any CPU.Build.0 = Release|Any CPU
	EndGlobalSection
	GlobalSection(SolutionProperties) = preSolution
		HideSolutionNode = FALSE
	EndGlobalSection
	GlobalSection(ExtensibilityGlobals) = postSolution
		SolutionGuid = {9852B5E3-1D08-40C9-9345-16225425633D}
	EndGlobalSection
EndGlobal
